
Microsoft Visual Studio Solution File, Format Version 12.00
# Visual Studio Version 17
VisualStudioVersion = 17.9.34728.123
MinimumVisualStudioVersion = 10.0.40219.1
Project("{FAE04EC0-301F-11D3-BF4B-00C04F79EFBC}") = "allure-nunit-ignore-bug", "allure-nunit-ignore-bug.csproj", "{7B163AD7-FBF2-49C5-AE70-8F0C95DD979B}"
EndProject
Global
	GlobalSection(SolutionConfigurationPlatforms) = preSolution
		Debug|Any CPU = Debug|Any CPU
		Release|Any CPU = Release|Any CPU
	EndGlobalSection
	GlobalSection(ProjectConfigurationPlatforms) = postSolution
		{7B163AD7-FBF2-49C5-AE70-8F0C95DD979B}.Debug|Any CPU.ActiveCfg = Debug|Any CPU
		{7B163AD7-FBF2-49C5-AE70-8F0C95DD979B}.Debug|Any CPU.Build.0 = Debug|Any CPU
		{7B163AD7-FBF2-49C5-AE70-8F0C95DD979B}.Release|Any CPU.ActiveCfg = Release|Any CPU
		{7B163AD7-FBF2-49C5-AE70-8F0C95DD979B}.Release|Any CPU.Build.0 = Release|Any CPU
	EndGlobalSection
	GlobalSection(SolutionProperties) = preSolution
		HideSolutionNode = FALSE
	EndGlobalSection
	GlobalSection(ExtensibilityGlobals) = postSolution
		SolutionGuid = {51666BF4-758C-4F01-98BC-9E0EF7536E9E}
	EndGlobalSection
EndGlobal
